
Microsoft Visual Studio Solution File, Format Version 12.00
# Visual Studio 15
VisualStudioVersion = 15.0.28307.1927
MinimumVisualStudioVersion = 10.0.40219.1
Project("{FAE04EC0-301F-11D3-BF4B-00C04F79EFBC}") = "InventoryManagmentSystem", "InventoryManagmentSystem\InventoryManagmentSystem.csproj", "{61734E45-6214-4A63-946E-18EB4D003267}"
EndProject
Project("{54435603-DBB4-11D2-8724-00A0C9A8B90C}") = "Setup1", "Setup1\Setup1.vdproj", "{A87BC8B0-8272-4B9F-86CF-C4CEF447765B}"
EndProject
Global
	GlobalSection(SolutionConfigurationPlatforms) = preSolution
		Debug|Any CPU = Debug|Any CPU
		Release|Any CPU = Release|Any CPU
	EndGlobalSection
	GlobalSection(ProjectConfigurationPlatforms) = postSolution
		{61734E45-6214-4A63-946E-18EB4D003267}.Debug|Any CPU.ActiveCfg = Debug|Any CPU
		{61734E45-6214-4A63-946E-18EB4D003267}.Debug|Any CPU.Build.0 = Debug|Any CPU
		{61734E45-6214-4A63-946E-18EB4D003267}.Release|Any CPU.ActiveCfg = Release|Any CPU
		{61734E45-6214-4A63-946E-18EB4D003267}.Release|Any CPU.Build.0 = Release|Any CPU
		{A87BC8B0-8272-4B9F-86CF-C4CEF447765B}.Debug|Any CPU.ActiveCfg = Debug
		{A87BC8B0-8272-4B9F-86CF-C4CEF447765B}.Release|Any CPU.ActiveCfg = Release
	EndGlobalSection
	GlobalSection(SolutionProperties) = preSolution
		HideSolutionNode = FALSE
	EndGlobalSection
	GlobalSection(ExtensibilityGlobals) = postSolution
		SolutionGuid = {785489E2-6794-4CC4-8E4A-6584FFE64189}
	EndGlobalSection
EndGlobal
